Microsoft Visual Studio Solution File, Format Version 12.00
# Visual Studio Version 16
VisualStudioVersion = 25.0.1706.0
MinimumVisualStudioVersion = 10.0.40219.1
Project("{FAE04EC0-301F-11D3-BF4B-00C04F79EFBC}") = "Microi.net.Api", "Microi.net.Api\Microi.net.Api.csproj", "{E491B661-4809-4F0C-8CAE-1544D363C042}"
EndProject
Project("{FAE04EC0-301F-11D3-BF4B-00C04F79EFBC}") = "Microi.WeChat", "Microi.WeChat\Microi.WeChat.csproj", "{B68830FF-3F77-4ABE-9E7A-F58D2F664FCF}"
EndProject
Project("{FAE04EC0-301F-11D3-BF4B-00C04F79EFBC}") = "Microi.Model", "Microi.Model\Microi.Model.csproj", "{A62F32A5-5BC6-4BBE-BBB2-CC57E99E4D88}"
EndProject
Project("{FAE04EC0-301F-11D3-BF4B-00C04F79EFBC}") = "Microi.Captcha", "Microi.Captcha\Microi.Captcha.csproj", "{0A37AAD8-9EB3-4A83-9536-AA2146C2629D}"
EndProject
Project("{FAE04EC0-301F-11D3-BF4B-00C04F79EFBC}") = "Dos.ORM", "Dos.ORM\Dos.ORM.csproj", "{5D0DFBD2-1312-48D8-AB46-643C2BD3BD8C}"
EndProject
Project("{FAE04EC0-301F-11D3-BF4B-00C04F79EFBC}") = "Dos.ORM.Oracle", "Dos.ORM.Oracle\Dos.ORM.Oracle.csproj", "{3395B579-258D-403C-B380-E0A8CF6923E9}"
EndProject
Project("{FAE04EC0-301F-11D3-BF4B-00C04F79EFBC}") = "Dos.Common", "Dos.Common\Dos.Common.csproj", "{3514DF39-E602-4F06-846D-6C0838A2ECEB}"
EndProject
Project("{2150E333-8FDC-42A3-9474-1A3956D46DE8}") = "解决方案项", "解决方案项", "{A5699DF5-6DF0-44A3-B727-D943A5895977}"
	ProjectSection(SolutionItems) = preProject
		.editorconfig = .editorconfig
	EndProjectSection
EndProject
Project("{FAE04EC0-301F-11D3-BF4B-00C04F79EFBC}") = "Microi.Office", "Microi.Office\Microi.Office.csproj", "{A7EF4C89-780F-4090-A3D9-D4786BD8B1F8}"
EndProject
Project("{FAE04EC0-301F-11D3-BF4B-00C04F79EFBC}") = "Dos.ORM.NoSql", "Dos.ORM.NoSql\Dos.ORM.NoSql.csproj", "{E2AFAAFB-0F17-4E4F-90EC-0910D1982533}"
EndProject
Project("{FAE04EC0-301F-11D3-BF4B-00C04F79EFBC}") = "Microi.HDFS", "Microi.HDFS\Microi.HDFS.csproj", "{3330BDCA-AE9E-4BCF-9FFC-D0A18F6D5449}"
EndProject
Project("{FAE04EC0-301F-11D3-BF4B-00C04F79EFBC}") = "Microi.Cache", "Microi.Cache\Microi.Cache.csproj", "{F75516B7-0BE2-4D6F-9CC4-289CBCBF3023}"
EndProject
Project("{FAE04EC0-301F-11D3-BF4B-00C04F79EFBC}") = "Dos.ORM.MySql", "Dos.ORM.MySql\Dos.ORM.MySql.csproj", "{D431D30E-5A73-488C-8A9E-06EE350DBF65}"
EndProject
Project("{FAE04EC0-301F-11D3-BF4B-00C04F79EFBC}") = "Microi.ORM", "Microi.ORM\Microi.ORM.csproj", "{FDAAF515-AEBE-4E5F-A33B-EEF4B06D3240}"
EndProject
Project("{FAE04EC0-301F-11D3-BF4B-00C04F79EFBC}") = "Microi.SearchEngine", "Microi.SearchEngine\Microi.SearchEngine.csproj", "{47054116-7235-4AF5-AB0C-48FAC8F552B0}"
EndProject
Project("{FAE04EC0-301F-11D3-BF4B-00C04F79EFBC}") = "Microi.MQ", "Microi.MQ\Microi.MQ.csproj", "{45BF0B77-8302-4A73-AEC1-3A7E64798BF4}"
EndProject
Project("{FAE04EC0-301F-11D3-BF4B-00C04F79EFBC}") = "Microi.Job", "Microi.Job\Microi.Job.csproj", "{594FEA2A-0A49-438E-BB10-8BFD9EC5DFDE}"
EndProject
Project("{FAE04EC0-301F-11D3-BF4B-00C04F79EFBC}") = "Microi.Spider", "Microi.Spider\Microi.Spider.csproj", "{E9104146-9732-42C0-80FA-1C6C76FF94F0}"
EndProject
Project("{FAE04EC0-301F-11D3-BF4B-00C04F79EFBC}") = "Microi.SystemBase", "Microi.SystemBase\Microi.SystemBase.csproj", "{21A9CEC2-F444-4C71-98E7-8914D805A46E}"
EndProject
Project("{FAE04EC0-301F-11D3-BF4B-00C04F79EFBC}") = "Microi.V8Engine", "Microi.V8Engine\Microi.V8Engine.csproj", "{ABB50A72-E1A6-4C48-A164-39B5C3D1845D}"
EndProject
Project("{FAE04EC0-301F-11D3-BF4B-00C04F79EFBC}") = "Microi.AI", "Microi.AI\Microi.AI.csproj", "{D4F9FFF9-2C73-48C3-9927-B9EE0F35BE08}"
EndProject
Global
	GlobalSection(SolutionConfigurationPlatforms) = preSolution
		Debug|Any CPU = Debug|Any CPU
		Release|Any CPU = Release|Any CPU
	EndGlobalSection
	GlobalSection(ProjectConfigurationPlatforms) = postSolution
		{E491B661-4809-4F0C-8CAE-1544D363C042}.Debug|Any CPU.ActiveCfg = Debug|Any CPU
		{E491B661-4809-4F0C-8CAE-1544D363C042}.Debug|Any CPU.Build.0 = Debug|Any CPU
		{E491B661-4809-4F0C-8CAE-1544D363C042}.Release|Any CPU.ActiveCfg = Release|Any CPU
		{E491B661-4809-4F0C-8CAE-1544D363C042}.Release|Any CPU.Build.0 = Release|Any CPU
		{B68830FF-3F77-4ABE-9E7A-F58D2F664FCF}.Debug|Any CPU.ActiveCfg = Debug|Any CPU
		{B68830FF-3F77-4ABE-9E7A-F58D2F664FCF}.Debug|Any CPU.Build.0 = Debug|Any CPU
		{B68830FF-3F77-4ABE-9E7A-F58D2F664FCF}.Release|Any CPU.ActiveCfg = Release|Any CPU
		{B68830FF-3F77-4ABE-9E7A-F58D2F664FCF}.Release|Any CPU.Build.0 = Release|Any CPU
		{A62F32A5-5BC6-4BBE-BBB2-CC57E99E4D88}.Debug|Any CPU.ActiveCfg = Debug|Any CPU
		{A62F32A5-5BC6-4BBE-BBB2-CC57E99E4D88}.Debug|Any CPU.Build.0 = Debug|Any CPU
		{A62F32A5-5BC6-4BBE-BBB2-CC57E99E4D88}.Release|Any CPU.ActiveCfg = Release|Any CPU
		{A62F32A5-5BC6-4BBE-BBB2-CC57E99E4D88}.Release|Any CPU.Build.0 = Release|Any CPU
		{0A37AAD8-9EB3-4A83-9536-AA2146C2629D}.Debug|Any CPU.ActiveCfg = Debug|Any CPU
		{0A37AAD8-9EB3-4A83-9536-AA2146C2629D}.Debug|Any CPU.Build.0 = Debug|Any CPU
		{0A37AAD8-9EB3-4A83-9536-AA2146C2629D}.Release|Any CPU.ActiveCfg = Release|Any CPU
		{0A37AAD8-9EB3-4A83-9536-AA2146C2629D}.Release|Any CPU.Build.0 = Release|Any CPU
		{5D0DFBD2-1312-48D8-AB46-643C2BD3BD8C}.Debug|Any CPU.ActiveCfg = Debug|Any CPU
		{5D0DFBD2-1312-48D8-AB46-643C2BD3BD8C}.Debug|Any CPU.Build.0 = Debug|Any CPU
		{5D0DFBD2-1312-48D8-AB46-643C2BD3BD8C}.Release|Any CPU.ActiveCfg = Release|Any CPU
		{5D0DFBD2-1312-48D8-AB46-643C2BD3BD8C}.Release|Any CPU.Build.0 = Release|Any CPU
		{3395B579-258D-403C-B380-E0A8CF6923E9}.Debug|Any CPU.ActiveCfg = Debug|Any CPU
		{3395B579-258D-403C-B380-E0A8CF6923E9}.Debug|Any CPU.Build.0 = Debug|Any CPU
		{3395B579-258D-403C-B380-E0A8CF6923E9}.Release|Any CPU.ActiveCfg = Release|Any CPU
		{3395B579-258D-403C-B380-E0A8CF6923E9}.Release|Any CPU.Build.0 = Release|Any CPU
		{3514DF39-E602-4F06-846D-6C0838A2ECEB}.Debug|Any CPU.ActiveCfg = Debug|Any CPU
		{3514DF39-E602-4F06-846D-6C0838A2ECEB}.Debug|Any CPU.Build.0 = Debug|Any CPU
		{3514DF39-E602-4F06-846D-6C0838A2ECEB}.Release|Any CPU.ActiveCfg = Release|Any CPU
		{3514DF39-E602-4F06-846D-6C0838A2ECEB}.Release|Any CPU.Build.0 = Release|Any CPU
		{A7EF4C89-780F-4090-A3D9-D4786BD8B1F8}.Debug|Any CPU.ActiveCfg = Debug|Any CPU
		{A7EF4C89-780F-4090-A3D9-D4786BD8B1F8}.Debug|Any CPU.Build.0 = Debug|Any CPU
		{A7EF4C89-780F-4090-A3D9-D4786BD8B1F8}.Release|Any CPU.ActiveCfg = Release|Any CPU
		{A7EF4C89-780F-4090-A3D9-D4786BD8B1F8}.Release|Any CPU.Build.0 = Release|Any CPU
		{E2AFAAFB-0F17-4E4F-90EC-0910D1982533}.Debug|Any CPU.ActiveCfg = Debug|Any CPU
		{E2AFAAFB-0F17-4E4F-90EC-0910D1982533}.Debug|Any CPU.Build.0 = Debug|Any CPU
		{E2AFAAFB-0F17-4E4F-90EC-0910D1982533}.Release|Any CPU.ActiveCfg = Release|Any CPU
		{E2AFAAFB-0F17-4E4F-90EC-0910D1982533}.Release|Any CPU.Build.0 = Release|Any CPU
		{3330BDCA-AE9E-4BCF-9FFC-D0A18F6D5449}.Debug|Any CPU.ActiveCfg = Debug|Any CPU
		{3330BDCA-AE9E-4BCF-9FFC-D0A18F6D5449}.Debug|Any CPU.Build.0 = Debug|Any CPU
		{3330BDCA-AE9E-4BCF-9FFC-D0A18F6D5449}.Release|Any CPU.ActiveCfg = Release|Any CPU
		{3330BDCA-AE9E-4BCF-9FFC-D0A18F6D5449}.Release|Any CPU.Build.0 = Release|Any CPU
		{F75516B7-0BE2-4D6F-9CC4-289CBCBF3023}.Debug|Any CPU.ActiveCfg = Debug|Any CPU
		{F75516B7-0BE2-4D6F-9CC4-289CBCBF3023}.Debug|Any CPU.Build.0 = Debug|Any CPU
		{F75516B7-0BE2-4D6F-9CC4-289CBCBF3023}.Release|Any CPU.ActiveCfg = Release|Any CPU
		{F75516B7-0BE2-4D6F-9CC4-289CBCBF3023}.Release|Any CPU.Build.0 = Release|Any CPU
		{D431D30E-5A73-488C-8A9E-06EE350DBF65}.Debug|Any CPU.ActiveCfg = Debug|Any CPU
		{D431D30E-5A73-488C-8A9E-06EE350DBF65}.Debug|Any CPU.Build.0 = Debug|Any CPU
		{D431D30E-5A73-488C-8A9E-06EE350DBF65}.Release|Any CPU.ActiveCfg = Release|Any CPU
		{D431D30E-5A73-488C-8A9E-06EE350DBF65}.Release|Any CPU.Build.0 = Release|Any CPU
		{FDAAF515-AEBE-4E5F-A33B-EEF4B06D3240}.Debug|Any CPU.ActiveCfg = Debug|Any CPU
		{FDAAF515-AEBE-4E5F-A33B-EEF4B06D3240}.Debug|Any CPU.Build.0 = Debug|Any CPU
		{FDAAF515-AEBE-4E5F-A33B-EEF4B06D3240}.Release|Any CPU.ActiveCfg = Release|Any CPU
		{FDAAF515-AEBE-4E5F-A33B-EEF4B06D3240}.Release|Any CPU.Build.0 = Release|Any CPU
		{47054116-7235-4AF5-AB0C-48FAC8F552B0}.Debug|Any CPU.ActiveCfg = Debug|Any CPU
		{47054116-7235-4AF5-AB0C-48FAC8F552B0}.Debug|Any CPU.Build.0 = Debug|Any CPU
		{47054116-7235-4AF5-AB0C-48FAC8F552B0}.Release|Any CPU.ActiveCfg = Release|Any CPU
		{47054116-7235-4AF5-AB0C-48FAC8F552B0}.Release|Any CPU.Build.0 = Release|Any CPU
		{45BF0B77-8302-4A73-AEC1-3A7E64798BF4}.Debug|Any CPU.ActiveCfg = Debug|Any CPU
		{45BF0B77-8302-4A73-AEC1-3A7E64798BF4}.Debug|Any CPU.Build.0 = Debug|Any CPU
		{45BF0B77-8302-4A73-AEC1-3A7E64798BF4}.Release|Any CPU.ActiveCfg = Release|Any CPU
		{45BF0B77-8302-4A73-AEC1-3A7E64798BF4}.Release|Any CPU.Build.0 = Release|Any CPU
		{594FEA2A-0A49-438E-BB10-8BFD9EC5DFDE}.Debug|Any CPU.ActiveCfg = Debug|Any CPU
		{594FEA2A-0A49-438E-BB10-8BFD9EC5DFDE}.Debug|Any CPU.Build.0 = Debug|Any CPU
		{594FEA2A-0A49-438E-BB10-8BFD9EC5DFDE}.Release|Any CPU.ActiveCfg = Release|Any CPU
		{594FEA2A-0A49-438E-BB10-8BFD9EC5DFDE}.Release|Any CPU.Build.0 = Release|Any CPU
		{E9104146-9732-42C0-80FA-1C6C76FF94F0}.Debug|Any CPU.ActiveCfg = Debug|Any CPU
		{E9104146-9732-42C0-80FA-1C6C76FF94F0}.Debug|Any CPU.Build.0 = Debug|Any CPU
		{E9104146-9732-42C0-80FA-1C6C76FF94F0}.Release|Any CPU.ActiveCfg = Release|Any CPU
		{E9104146-9732-42C0-80FA-1C6C76FF94F0}.Release|Any CPU.Build.0 = Release|Any CPU
		{21A9CEC2-F444-4C71-98E7-8914D805A46E}.Debug|Any CPU.ActiveCfg = Debug|Any CPU
		{21A9CEC2-F444-4C71-98E7-8914D805A46E}.Debug|Any CPU.Build.0 = Debug|Any CPU
		{21A9CEC2-F444-4C71-98E7-8914D805A46E}.Release|Any CPU.ActiveCfg = Release|Any CPU
		{21A9CEC2-F444-4C71-98E7-8914D805A46E}.Release|Any CPU.Build.0 = Release|Any CPU
		{ABB50A72-E1A6-4C48-A164-39B5C3D1845D}.Debug|Any CPU.ActiveCfg = Debug|Any CPU
		{ABB50A72-E1A6-4C48-A164-39B5C3D1845D}.Debug|Any CPU.Build.0 = Debug|Any CPU
		{ABB50A72-E1A6-4C48-A164-39B5C3D1845D}.Release|Any CPU.ActiveCfg = Release|Any CPU
		{ABB50A72-E1A6-4C48-A164-39B5C3D1845D}.Release|Any CPU.Build.0 = Release|Any CPU
		{D4F9FFF9-2C73-48C3-9927-B9EE0F35BE08}.Debug|Any CPU.ActiveCfg = Debug|Any CPU
		{D4F9FFF9-2C73-48C3-9927-B9EE0F35BE08}.Debug|Any CPU.Build.0 = Debug|Any CPU
		{D4F9FFF9-2C73-48C3-9927-B9EE0F35BE08}.Release|Any CPU.ActiveCfg = Release|Any CPU
		{D4F9FFF9-2C73-48C3-9927-B9EE0F35BE08}.Release|Any CPU.Build.0 = Release|Any CPU
	EndGlobalSection
	GlobalSection(SolutionProperties) = preSolution
		HideSolutionNode = FALSE
	EndGlobalSection
	GlobalSection(ExtensibilityGlobals) = postSolution
		SolutionGuid = {5D121C1F-D724-424A-A93B-A41CD2C3FAC5}
	EndGlobalSection
EndGlobal
